
Microsoft Visual Studio Solution File, Format Version 12.00
# Visual Studio Version 17
VisualStudioVersion = 17.13.35931.197 d17.13
MinimumVisualStudioVersion = 10.0.40219.1
Project("{FAE04EC0-301F-11D3-BF4B-00C04F79EFBC}") = "Locadora de Motos", "Locadora de Motos\Locadora de Motos.csproj", "{34EB3F0A-3312-44D5-9D69-BF9D0E94DC1E}"
EndProject
Global
	GlobalSection(SolutionConfigurationPlatforms) = preSolution
		Debug|Any CPU = Debug|Any CPU
		Release|Any CPU = Release|Any CPU
	EndGlobalSection
	GlobalSection(ProjectConfigurationPlatforms) = postSolution
		{34EB3F0A-3312-44D5-9D69-BF9D0E94DC1E}.Debug|Any CPU.ActiveCfg = Debug|Any CPU
		{34EB3F0A-3312-44D5-9D69-BF9D0E94DC1E}.Debug|Any CPU.Build.0 = Debug|Any CPU
		{34EB3F0A-3312-44D5-9D69-BF9D0E94DC1E}.Release|Any CPU.ActiveCfg = Release|Any CPU
		{34EB3F0A-3312-44D5-9D69-BF9D0E94DC1E}.Release|Any CPU.Build.0 = Release|Any CPU
	EndGlobalSection
	GlobalSection(SolutionProperties) = preSolution
		HideSolutionNode = FALSE
	EndGlobalSection
	GlobalSection(ExtensibilityGlobals) = postSolution
		SolutionGuid = {063B3F98-DD11-4D07-A8C1-4E4FE3138DAF}
	EndGlobalSection
EndGlobal
